
Microsoft Visual Studio Solution File, Format Version 12.00
# Visual Studio 15
Project("{FAE04EC0-301F-11D3-BF4B-00C04F79EFBC}") = "Labb1Calculator", "Labb1Calculator\Labb1Calculator.csproj", "{458D48E4-E1D0-426B-8DF0-B0D6F354D6B5}"
EndProject
Global
	GlobalSection(SolutionConfigurationPlatforms) = preSolution
		Debug|x86 = Debug|x86
		Release|x86 = Release|x86
	EndGlobalSection
	GlobalSection(ProjectConfigurationPlatforms) = postSolution
		{458D48E4-E1D0-426B-8DF0-B0D6F354D6B5}.Debug|x86.ActiveCfg = Debug|x86
		{458D48E4-E1D0-426B-8DF0-B0D6F354D6B5}.Debug|x86.Build.0 = Debug|x86
		{458D48E4-E1D0-426B-8DF0-B0D6F354D6B5}.Release|x86.ActiveCfg = Release|x86
		{458D48E4-E1D0-426B-8DF0-B0D6F354D6B5}.Release|x86.Build.0 = Release|x86
	EndGlobalSection
EndGlobal
